<?xml version="1.0" encoding="utf-8"?>
<Project ToolsVersion="4.0" xmlns="http://schemas.microsoft.com/developer/msbuild/2003">
  <ItemGroup>
    <ClCompile Include="..\src\dllmain.cpp" />
    <ClCompile Include="..\include\safetyhook\safetyhook.cpp" />
    <ClCompile Include="..\include\safetyhook\Zydis.c" />
  </ItemGroup>
  <ItemGroup>
    <ClInclude Include="..\src\dllmain.hpp" />
    <ClInclude Include="..\src\helper.hpp" />
    <ClInclude Include="..\include\safetyhook\safetyhook.hpp" />
    <ClInclude Include="..\include\safetyhook\Zydis.h" />
  </ItemGroup>
  <ItemGroup>
    <None Include="MarkerPatch.ini" />
  </ItemGroup>
</Project>